
Microsoft Visual Studio Solution File, Format Version 12.00
# Visual Studio Version 17
VisualStudioVersion = 17.4.33213.308
MinimumVisualStudioVersion = 10.0.40219.1
Project("{FAE04EC0-301F-11D3-BF4B-00C04F79EFBC}") = "LAB6", "LAB6\LAB6.csproj", "{0E50D681-6531-4B7B-82DE-52E75C6FA4EE}"
EndProject
Global
	GlobalSection(SolutionConfigurationPlatforms) = preSolution
		Debug|Any CPU = Debug|Any CPU
		Release|Any CPU = Release|Any CPU
	EndGlobalSection
	GlobalSection(ProjectConfigurationPlatforms) = postSolution
		{0E50D681-6531-4B7B-82DE-52E75C6FA4EE}.Debug|Any CPU.ActiveCfg = Debug|Any CPU
		{0E50D681-6531-4B7B-82DE-52E75C6FA4EE}.Debug|Any CPU.Build.0 = Debug|Any CPU
		{0E50D681-6531-4B7B-82DE-52E75C6FA4EE}.Release|Any CPU.ActiveCfg = Release|Any CPU
		{0E50D681-6531-4B7B-82DE-52E75C6FA4EE}.Release|Any CPU.Build.0 = Release|Any CPU
	EndGlobalSection
	GlobalSection(SolutionProperties) = preSolution
		HideSolutionNode = FALSE
	EndGlobalSection
	GlobalSection(ExtensibilityGlobals) = postSolution
		SolutionGuid = {BE8D87F5-DAD4-4874-9069-FEE407810554}
	EndGlobalSection
EndGlobal
